{
  "name": "PlayWrightAutomation",
  "version": "1.0.0",
  "lockfileVersion": 2,
  "requires": true,
  "packages": {
    "": {
      "name": "PlayWrightAutomation",
      "version": "1.0.0",
      "license": "ISC",
      "devDependencies": {
        "@playwright/test": "^1.19.2",
        "allure-playwright": "^2.0.0-beta.15"
      }
    },
    "node_modules/@playwright/test": {
      "version": "1.26.1",
      "resolved": "https://registry.npmjs.org/@playwright/test/-/test-1.26.1.tgz",
      "integrity": "sha512-bNxyZASVt2adSZ9gbD7NCydzcb5JaI0OR9hc7s+nmPeH604gwp0zp17NNpwXY4c8nvuBGQQ9oGDx72LE+cUWvw==",
      "dev": true,
      "dependencies": {
        "@types/node": "*",
        "playwright-core": "1.26.1"
      },
      "bin": {
        "playwright": "cli.js"
      },
      "engines": {
        "node": ">=14"
      }
    },
    "node_modules/@types/node": {
      "version": "18.8.1",
      "resolved": "https://registry.npmjs.org/@types/node/-/node-18.8.1.tgz",
      "integrity": "sha512-vuYaNuEIbOYLTLUAJh50ezEbvxrD43iby+lpUA2aa148Nh5kX/AVO/9m1Ahmbux2iU5uxJTNF9g2Y+31uml7RQ==",
      "dev": true
    },
    "node_modules/allure-js-commons": {
      "version": "2.0.0-beta.15",
      "resolved": "https://registry.npmjs.org/allure-js-commons/-/allure-js-commons-2.0.0-beta.15.tgz",
      "integrity": "sha512-6PhWo54wSEvV/vVXN9qa7MpGkymoSqEzhmsMQhAr1Kt3fcDqD3u7ZXYPt+LrBqxONwNwRvKaosg2bFZxVLL6Hw==",
      "dev": true,
      "dependencies": {
        "mkdirp": "^1.0.4",
        "properties": "^1.2.1",
        "uuid": "^8.3.0"
      }
    },
    "node_modules/allure-playwright": {
      "version": "2.0.0-beta.15",
      "resolved": "https://registry.npmjs.org/allure-playwright/-/allure-playwright-2.0.0-beta.15.tgz",
      "integrity": "sha512-n1mq2BWQaDIBA/dzmONqKOhkYBeTJAVcMrnjOMkMsj1R88r1newvyFjlWxMsqO3sJ0JWd3/rylkrHJDxijVg8Q==",
      "dev": true,
      "dependencies": {
        "allure-js-commons": "2.0.0-beta.15"
      }
    },
    "node_modules/mkdirp": {
      "version": "1.0.4",
      "resolved": "https://registry.npmjs.org/mkdirp/-/mkdirp-1.0.4.tgz",
      "integrity": "sha512-vVqVZQyf3WLx2Shd0qJ9xuvqgAyKPLAiqITEtqW0oIUjzo3PePDd6fW9iFz30ef7Ysp/oiWqbhszeGWW2T6Gzw==",
      "dev": true,
      "bin": {
        "mkdirp": "bin/cmd.js"
      },
      "engines": {
        "node": ">=10"
      }
    },
    "node_modules/playwright-core": {
      "version": "1.26.1",
      "resolved": "https://registry.npmjs.org/playwright-core/-/playwright-core-1.26.1.tgz",
      "integrity": "sha512-hzFchhhxnEiPc4qVPs9q2ZR+5eKNifY2hQDHtg1HnTTUuphYCBP8ZRb2si+B1TR7BHirgXaPi48LIye5SgrLAA==",
      "dev": true,
      "bin": {
        "playwright": "cli.js"
      },
      "engines": {
        "node": ">=14"
      }
    },
    "node_modules/properties": {
      "version": "1.2.1",
      "resolved": "https://registry.npmjs.org/properties/-/properties-1.2.1.tgz",
      "integrity": "sha1-Dul6f8AgsaKlW4ZZ7aSqjYaQlL0=",
      "dev": true,
      "engines": {
        "node": ">=0.10"
      }
    },
    "node_modules/uuid": {
      "version": "8.3.2",
      "resolved": "https://registry.npmjs.org/uuid/-/uuid-8.3.2.tgz",
      "integrity": "sha512-+NYs2QeMWy+GWFOEm9xnn6HCDp0l7QBD7ml8zLUmJ+93Q5NF0NocErnwkTkXVFNiX3/fpC6afS8Dhb/gz7R7eg==",
      "dev": true,
      "bin": {
        "uuid": "dist/bin/uuid"
      }
    }
  },
  "dependencies": {
    "@playwright/test": {
      "version": "1.26.1",
      "resolved": "https://registry.npmjs.org/@playwright/test/-/test-1.26.1.tgz",
      "integrity": "sha512-bNxyZASVt2adSZ9gbD7NCydzcb5JaI0OR9hc7s+nmPeH604gwp0zp17NNpwXY4c8nvuBGQQ9oGDx72LE+cUWvw==",
      "dev": true,
      "requires": {
        "@types/node": "*",
        "playwright-core": "1.26.1"
      }
    },
    "@types/node": {
      "version": "18.8.1",
      "resolved": "https://registry.npmjs.org/@types/node/-/node-18.8.1.tgz",
      "integrity": "sha512-vuYaNuEIbOYLTLUAJh50ezEbvxrD43iby+lpUA2aa148Nh5kX/AVO/9m1Ahmbux2iU5uxJTNF9g2Y+31uml7RQ==",
      "dev": true
    },
    "allure-js-commons": {
      "version": "2.0.0-beta.15",
      "resolved": "https://registry.npmjs.org/allure-js-commons/-/allure-js-commons-2.0.0-beta.15.tgz",
      "integrity": "sha512-6PhWo54wSEvV/vVXN9qa7MpGkymoSqEzhmsMQhAr1Kt3fcDqD3u7ZXYPt+LrBqxONwNwRvKaosg2bFZxVLL6Hw==",
      "dev": true,
      "requires": {
        "mkdirp": "^1.0.4",
        "properties": "^1.2.1",
        "uuid": "^8.3.0"
      }
    },
    "allure-playwright": {
      "version": "2.0.0-beta.15",
      "resolved": "https://registry.npmjs.org/allure-playwright/-/allure-playwright-2.0.0-beta.15.tgz",
      "integrity": "sha512-n1mq2BWQaDIBA/dzmONqKOhkYBeTJAVcMrnjOMkMsj1R88r1newvyFjlWxMsqO3sJ0JWd3/rylkrHJDxijVg8Q==",
      "dev": true,
      "requires": {
        "allure-js-commons": "2.0.0-beta.15"
      }
    },
    "mkdirp": {
      "version": "1.0.4",
      "resolved": "https://registry.npmjs.org/mkdirp/-/mkdirp-1.0.4.tgz",
      "integrity": "sha512-vVqVZQyf3WLx2Shd0qJ9xuvqgAyKPLAiqITEtqW0oIUjzo3PePDd6fW9iFz30ef7Ysp/oiWqbhszeGWW2T6Gzw==",
      "dev": true
    },
    "playwright-core": {
      "version": "1.26.1",
      "resolved": "https://registry.npmjs.org/playwright-core/-/playwright-core-1.26.1.tgz",
      "integrity": "sha512-hzFchhhxnEiPc4qVPs9q2ZR+5eKNifY2hQDHtg1HnTTUuphYCBP8ZRb2si+B1TR7BHirgXaPi48LIye5SgrLAA==",
      "dev": true
    },
    "properties": {
      "version": "1.2.1",
      "resolved": "https://registry.npmjs.org/properties/-/properties-1.2.1.tgz",
      "integrity": "sha1-Dul6f8AgsaKlW4ZZ7aSqjYaQlL0=",
      "dev": true
    },
    "uuid": {
      "version": "8.3.2",
      "resolved": "https://registry.npmjs.org/uuid/-/uuid-8.3.2.tgz",
      "integrity": "sha512-+NYs2QeMWy+GWFOEm9xnn6HCDp0l7QBD7ml8zLUmJ+93Q5NF0NocErnwkTkXVFNiX3/fpC6afS8Dhb/gz7R7eg==",
      "dev": true
    }
  }
}
